
Microsoft Visual Studio Solution File, Format Version 12.00
# Visual Studio Version 17
VisualStudioVersion = 17.7.34202.233
MinimumVisualStudioVersion = 10.0.40219.1
Project("{FAE04EC0-301F-11D3-BF4B-00C04F79EFBC}") = "Server", "Server\Server.csproj", "{BF124BE7-3FA7-418A-A0EC-CD77D02F23AE}"
EndProject
Project("{FAE04EC0-301F-11D3-BF4B-00C04F79EFBC}") = "ServerCore", "ServerCore\ServerCore.csproj", "{C6F0FF52-929B-4B8A-AF68-5ABD3E14E42F}"
EndProject
Project("{FAE04EC0-301F-11D3-BF4B-00C04F79EFBC}") = "DummyClient", "DummyClient\DummyClient.csproj", "{E7A5C67D-F62B-4643-B370-D8CA5D4E710D}"
EndProject
Global
	GlobalSection(SolutionConfigurationPlatforms) = preSolution
		Debug|Any CPU = Debug|Any CPU
		Release|Any CPU = Release|Any CPU
	EndGlobalSection
	GlobalSection(ProjectConfigurationPlatforms) = postSolution
		{BF124BE7-3FA7-418A-A0EC-CD77D02F23AE}.Debug|Any CPU.ActiveCfg = Debug|Any CPU
		{BF124BE7-3FA7-418A-A0EC-CD77D02F23AE}.Debug|Any CPU.Build.0 = Debug|Any CPU
		{BF124BE7-3FA7-418A-A0EC-CD77D02F23AE}.Release|Any CPU.ActiveCfg = Release|Any CPU
		{BF124BE7-3FA7-418A-A0EC-CD77D02F23AE}.Release|Any CPU.Build.0 = Release|Any CPU
		{C6F0FF52-929B-4B8A-AF68-5ABD3E14E42F}.Debug|Any CPU.ActiveCfg = Debug|Any CPU
		{C6F0FF52-929B-4B8A-AF68-5ABD3E14E42F}.Debug|Any CPU.Build.0 = Debug|Any CPU
		{C6F0FF52-929B-4B8A-AF68-5ABD3E14E42F}.Release|Any CPU.ActiveCfg = Release|Any CPU
		{C6F0FF52-929B-4B8A-AF68-5ABD3E14E42F}.Release|Any CPU.Build.0 = Release|Any CPU
		{E7A5C67D-F62B-4643-B370-D8CA5D4E710D}.Debug|Any CPU.ActiveCfg = Debug|Any CPU
		{E7A5C67D-F62B-4643-B370-D8CA5D4E710D}.Debug|Any CPU.Build.0 = Debug|Any CPU
		{E7A5C67D-F62B-4643-B370-D8CA5D4E710D}.Release|Any CPU.ActiveCfg = Release|Any CPU
		{E7A5C67D-F62B-4643-B370-D8CA5D4E710D}.Release|Any CPU.Build.0 = Release|Any CPU
	EndGlobalSection
	GlobalSection(SolutionProperties) = preSolution
		HideSolutionNode = FALSE
	EndGlobalSection
	GlobalSection(ExtensibilityGlobals) = postSolution
		SolutionGuid = {E40BB0B9-E24E-4B29-B3E5-0B55ACB37F4F}
	EndGlobalSection
EndGlobal
